
Microsoft Visual Studio Solution File, Format Version 12.00
# Visual Studio Version 17
VisualStudioVersion = 17.3.32825.248
MinimumVisualStudioVersion = 10.0.40219.1
Project("{8BC9CEB8-8B4A-11D0-8D11-00A0C91BC942}") = "练习3-11", "练习3-11.vcxproj", "{960B925E-63CC-42F4-86E6-857CCDF73B58}"
EndProject
Global
	GlobalSection(SolutionConfigurationPlatforms) = preSolution
		Debug|x64 = Debug|x64
		Debug|x86 = Debug|x86
		Release|x64 = Release|x64
		Release|x86 = Release|x86
	EndGlobalSection
	GlobalSection(ProjectConfigurationPlatforms) = postSolution
		{960B925E-63CC-42F4-86E6-857CCDF73B58}.Debug|x64.ActiveCfg = Debug|x64
		{960B925E-63CC-42F4-86E6-857CCDF73B58}.Debug|x64.Build.0 = Debug|x64
		{960B925E-63CC-42F4-86E6-857CCDF73B58}.Debug|x86.ActiveCfg = Debug|Win32
		{960B925E-63CC-42F4-86E6-857CCDF73B58}.Debug|x86.Build.0 = Debug|Win32
		{960B925E-63CC-42F4-86E6-857CCDF73B58}.Release|x64.ActiveCfg = Release|x64
		{960B925E-63CC-42F4-86E6-857CCDF73B58}.Release|x64.Build.0 = Release|x64
		{960B925E-63CC-42F4-86E6-857CCDF73B58}.Release|x86.ActiveCfg = Release|Win32
		{960B925E-63CC-42F4-86E6-857CCDF73B58}.Release|x86.Build.0 = Release|Win32
	EndGlobalSection
	GlobalSection(SolutionProperties) = preSolution
		HideSolutionNode = FALSE
	EndGlobalSection
	GlobalSection(ExtensibilityGlobals) = postSolution
		SolutionGuid = {450C13EE-8616-4660-B3EF-11C20B53CCA0}
	EndGlobalSection
EndGlobal
